
Microsoft Visual Studio Solution File, Format Version 12.00
# Visual Studio Version 16
VisualStudioVersion = 16.0.30011.22
MinimumVisualStudioVersion = 10.0.40219.1
Project("{FAE04EC0-301F-11D3-BF4B-00C04F79EFBC}") = "DotvvmApp", "DotvvmApp\DotvvmApp.csproj", "{DB2DA84B-3A59-47D1-B830-A7036C2E73F9}"
EndProject
Global
	GlobalSection(SolutionConfigurationPlatforms) = preSolution
		Debug|Any CPU = Debug|Any CPU
		Release|Any CPU = Release|Any CPU
	EndGlobalSection
	GlobalSection(ProjectConfigurationPlatforms) = postSolution
		{DB2DA84B-3A59-47D1-B830-A7036C2E73F9}.Debug|Any CPU.ActiveCfg = Debug|Any CPU
		{DB2DA84B-3A59-47D1-B830-A7036C2E73F9}.Debug|Any CPU.Build.0 = Debug|Any CPU
		{DB2DA84B-3A59-47D1-B830-A7036C2E73F9}.Release|Any CPU.ActiveCfg = Release|Any CPU
		{DB2DA84B-3A59-47D1-B830-A7036C2E73F9}.Release|Any CPU.Build.0 = Release|Any CPU
	EndGlobalSection
	GlobalSection(SolutionProperties) = preSolution
		HideSolutionNode = FALSE
	EndGlobalSection
	GlobalSection(ExtensibilityGlobals) = postSolution
		SolutionGuid = {4795ADBF-FA23-4614-B39F-DAA704ED03E4}
	EndGlobalSection
EndGlobal
